// !$*UTF8*$!
{
	archiveVersion = 1;
	classes = {
	};
	objectVersion = 48;
	objects = {

/* Begin PBXBuildFile section */
		40D8C29DF6CA82D12B2FA280 /* Pods_PastureMapTest.framework in Frameworks */ = {isa = PBXBuildFile; fileRef = 35A9DE7FB9CD7367F53B07B2 /* Pods_PastureMapTest.framework */; };
		DE7E719B2029A38E003A82A4 /* AppDelegate.swift in Sources */ = {isa = PBXBuildFile; fileRef = DE7E719A2029A38E003A82A4 /* AppDelegate.swift */; };
		DE7E719D2029A38E003A82A4 /* ViewController.swift in Sources */ = {isa = PBXBuildFile; fileRef = DE7E719C2029A38E003A82A4 /* ViewController.swift */; };
		DE7E71A02029A38E003A82A4 /* Main.storyboard in Resources */ = {isa = PBXBuildFile; fileRef = DE7E719E2029A38E003A82A4 /* Main.storyboard */; };
		DE7E71A22029A38E003A82A4 /* Assets.xcassets in Resources */ = {isa = PBXBuildFile; fileRef = DE7E71A12029A38E003A82A4 /* Assets.xcassets */; };
		DE7E71A52029A38E003A82A4 /* LaunchScreen.storyboard in Resources */ = {isa = PBXBuildFile; fileRef = DE7E71A32029A38E003A82A4 /* LaunchScreen.storyboard */; };
		DE7E71B32029C516003A82A4 /* Constants.swift in Sources */ = {isa = PBXBuildFile; fileRef = DE7E71B22029C516003A82A4 /* Constants.swift */; };
/* End PBXBuildFile section */

/* Begin PBXFileReference section */
		35A9DE7FB9CD7367F53B07B2 /* Pods_PastureMapTest.framework */ = {isa = PBXFileReference; explicitFileType = wrapper.framework; includeInIndex = 0; path = Pods_PastureMapTest.framework; sourceTree = BUILT_PRODUCTS_DIR; };
		B67DCDCE5D372FAF81DB3102 /* Pods-PastureMapTest.release.xcconfig */ = {isa = PBXFileReference; includeInIndex = 1; lastKnownFileType = text.xcconfig; name = "Pods-PastureMapTest.release.xcconfig"; path = "Pods/Target Support Files/Pods-PastureMapTest/Pods-PastureMapTest.release.xcconfig"; sourceTree = "<group>"; };
		DE7E71972029A38E003A82A4 /* PastureMapTest.app */ = {isa = PBXFileReference; explicitFileType = wrapper.application; includeInIndex = 0; path = PastureMapTest.app; sourceTree = BUILT_PRODUCTS_DIR; };
		DE7E719A2029A38E003A82A4 /* AppDelegate.swift */ = {isa = PBXFileReference; lastKnownFileType = sourcecode.swift; path = AppDelegate.swift; sourceTree = "<group>"; };
		DE7E719C2029A38E003A82A4 /* ViewController.swift */ = {isa = PBXFileReference; lastKnownFileType = sourcecode.swift; path = ViewController.swift; sourceTree = "<group>"; };
		DE7E719F2029A38E003A82A4 /* Base */ = {isa = PBXFileReference; lastKnownFileType = file.storyboard; name = Base; path = Base.lproj/Main.storyboard; sourceTree = "<group>"; };
		DE7E71A12029A38E003A82A4 /* Assets.xcassets */ = {isa = PBXFileReference; lastKnownFileType = folder.assetcatalog; path = Assets.xcassets; sourceTree = "<group>"; };
		DE7E71A42029A38E003A82A4 /* Base */ = {isa = PBXFileReference; lastKnownFileType = file.storyboard; name = Base; path = Base.lproj/LaunchScreen.storyboard; sourceTree = "<group>"; };
		DE7E71A62029A38E003A82A4 /* Info.plist */ = {isa = PBXFileReference; lastKnownFileType = text.plist.xml; path = Info.plist; sourceTree = "<group>"; };
		DE7E71B22029C516003A82A4 /* Constants.swift */ = {isa = PBXFileReference; lastKnownFileType = sourcecode.swift; path = Constants.swift; sourceTree = "<group>"; };
		FD58CA23ADEEB6C1E1AA9593 /* Pods-PastureMapTest.debug.xcconfig */ = {isa = PBXFileReference; includeInIndex = 1; lastKnownFileType = text.xcconfig; name = "Pods-PastureMapTest.debug.xcconfig"; path = "Pods/Target Support Files/Pods-PastureMapTest/Pods-PastureMapTest.debug.xcconfig"; sourceTree = "<group>"; };
/* End PBXFileReference section */

/* Begin PBXFrameworksBuildPhase section */
		DE7E71942029A38E003A82A4 /* Frameworks */ = {
			isa = PBXFrameworksBuildPhase;
			buildActionMask = 2147483647;
			files = (
				40D8C29DF6CA82D12B2FA280 /* Pods_PastureMapTest.framework in Frameworks */,
			);
			runOnlyForDeploymentPostprocessing = 0;
		};
/* End PBXFrameworksBuildPhase section */

/* Begin PBXGroup section */
		9DF92569B7DE62B69B784CA8 /* Frameworks */ = {
			isa = PBXGroup;
			children = (
				35A9DE7FB9CD7367F53B07B2 /* Pods_PastureMapTest.framework */,
			);
			name = Frameworks;
			sourceTree = "<group>";
		};
		C43FA662E4E7A6C7E3F1E037 /* Pods */ = {
			isa = PBXGroup;
			children = (
				FD58CA23ADEEB6C1E1AA9593 /* Pods-PastureMapTest.debug.xcconfig */,
				B67DCDCE5D372FAF81DB3102 /* Pods-PastureMapTest.release.xcconfig */,
			);
			name = Pods;
			sourceTree = "<group>";
		};
		DE7E718E2029A38E003A82A4 = {
			isa = PBXGroup;
			children = (
				DE7E71992029A38E003A82A4 /* PastureMapTest */,
				DE7E71982029A38E003A82A4 /* Products */,
				C43FA662E4E7A6C7E3F1E037 /* Pods */,
				9DF92569B7DE62B69B784CA8 /* Frameworks */,
			);
			sourceTree = "<group>";
		};
		DE7E71982029A38E003A82A4 /* Products */ = {
			isa = PBXGroup;
			children = (
				DE7E71972029A38E003A82A4 /* PastureMapTest.app */,
			);
			name = Products;
			sourceTree = "<group>";
		};
		DE7E71992029A38E003A82A4 /* PastureMapTest */ = {
			isa = PBXGroup;
			children = (
				DE7E71B12029C507003A82A4 /* Resources */,
				DE7E719A2029A38E003A82A4 /* AppDelegate.swift */,
				DE7E719C2029A38E003A82A4 /* ViewController.swift */,
				DE7E719E2029A38E003A82A4 /* Main.storyboard */,
				DE7E71A12029A38E003A82A4 /* Assets.xcassets */,
				DE7E71A32029A38E003A82A4 /* LaunchScreen.storyboard */,
				DE7E71A62029A38E003A82A4 /* Info.plist */,
			);
			path = PastureMapTest;
			sourceTree = "<group>";
		};
		DE7E71B12029C507003A82A4 /* Resources */ = {
			isa = PBXGroup;
			children = (
				DE7E71B22029C516003A82A4 /* Constants.swift */,
			);
			path = Resources;
			sourceTree = "<group>";
		};
/* End PBXGroup section */

/* Begin PBXNativeTarget section */
		DE7E71962029A38E003A82A4 /* PastureMapTest */ = {
			isa = PBXNativeTarget;
			buildConfigurationList = DE7E71A92029A38E003A82A4 /* Build configuration list for PBXNativeTarget "PastureMapTest" */;
			buildPhases = (
				076EF81753F27EA78C82F31D /* [CP] Check Pods Manifest.lock */,
				DE7E71932029A38E003A82A4 /* Sources */,
				DE7E71942029A38E003A82A4 /* Frameworks */,
				DE7E71952029A38E003A82A4 /* Resources */,
				9F6E3FC502B7CBDC7461253C /* [CP] Embed Pods Frameworks */,
				DFD67C0CC71F46A3283D2000 /* [CP] Copy Pods Resources */,
			);
			buildRules = (
			);
			dependencies = (
			);
			name = PastureMapTest;
			productName = PastureMapTest;
			productReference = DE7E71972029A38E003A82A4 /* PastureMapTest.app */;
			productType = "com.apple.product-type.application";
		};
/* End PBXNativeTarget section */

/* Begin PBXProject section */
		DE7E718F2029A38E003A82A4 /* Project object */ = {
			isa = PBXProject;
			attributes = {
				LastSwiftUpdateCheck = 0920;
				LastUpgradeCheck = 0920;
				ORGANIZATIONNAME = "Lyle Jover";
				TargetAttributes = {
					DE7E71962029A38E003A82A4 = {
						CreatedOnToolsVersion = 9.2;
						ProvisioningStyle = Automatic;
					};
				};
			};
			buildConfigurationList = DE7E71922029A38E003A82A4 /* Build configuration list for PBXProject "PastureMapTest" */;
			compatibilityVersion = "Xcode 8.0";
			developmentRegion = en;
			hasScannedForEncodings = 0;
			knownRegions = (
				en,
				Base,
			);
			mainGroup = DE7E718E2029A38E003A82A4;
			productRefGroup = DE7E71982029A38E003A82A4 /* Products */;
			projectDirPath = "";
			projectRoot = "";
			targets = (
				DE7E71962029A38E003A82A4 /* PastureMapTest */,
			);
		};
/* End PBXProject section */

/* Begin PBXResourcesBuildPhase section */
		DE7E71952029A38E003A82A4 /* Resources */ = {
			isa = PBXResourcesBuildPhase;
			buildActionMask = 2147483647;
			files = (
				DE7E71A52029A38E003A82A4 /* LaunchScreen.storyboard in Resources */,
				DE7E71A22029A38E003A82A4 /* Assets.xcassets in Resources */,
				DE7E71A02029A38E003A82A4 /* Main.storyboard in Resources */,
			);
			runOnlyForDeploymentPostprocessing = 0;
		};
/* End PBXResourcesBuildPhase section */

/* Begin PBXShellScriptBuildPhase section */
		076EF81753F27EA78C82F31D /* [CP] Check Pods Manifest.lock */ = {
			isa = PBXShellScriptBuildPhase;
			buildActionMask = 2147483647;
			files = (
			);
			inputPaths = (
				"${PODS_PODFILE_DIR_PATH}/Podfile.lock",
				"${PODS_ROOT}/Manifest.lock",
			);
			name = "[CP] Check Pods Manifest.lock";
			outputPaths = (
				"$(DERIVED_FILE_DIR)/Pods-PastureMapTest-checkManifestLockResult.txt",
			);
			runOnlyForDeploymentPostprocessing = 0;
			shellPath = /bin/sh;
			shellScript = "diff \"${PODS_PODFILE_DIR_PATH}/Podfile.lock\" \"${PODS_ROOT}/Manifest.lock\" > /dev/null\nif [ $? != 0 ] ; then\n    # print error to STDERR\n    echo \"error: The sandbox is not in sync with the Podfile.lock. Run 'pod install' or update your CocoaPods installation.\" >&2\n    exit 1\nfi\n# This output is used by Xcode 'outputs' to avoid re-running this script phase.\necho \"SUCCESS\" > \"${SCRIPT_OUTPUT_FILE_0}\"\n";
			showEnvVarsInLog = 0;
		};
		9F6E3FC502B7CBDC7461253C /* [CP] Embed Pods Frameworks */ = {
			isa = PBXShellScriptBuildPhase;
			buildActionMask = 2147483647;
			files = (
			);
			inputPaths = (
				"${SRCROOT}/Pods/Target Support Files/Pods-PastureMapTest/Pods-PastureMapTest-frameworks.sh",
				"${BUILT_PRODUCTS_DIR}/Each/Each.framework",
				"${BUILT_PRODUCTS_DIR}/RevealingSplashView/RevealingSplashView.framework",
			);
			name = "[CP] Embed Pods Frameworks";
			outputPaths = (
				"${TARGET_BUILD_DIR}/${FRAMEWORKS_FOLDER_PATH}/Each.framework",
				"${TARGET_BUILD_DIR}/${FRAMEWORKS_FOLDER_PATH}/RevealingSplashView.framework",
			);
			runOnlyForDeploymentPostprocessing = 0;
			shellPath = /bin/sh;
			shellScript = "\"${SRCROOT}/Pods/Target Support Files/Pods-PastureMapTest/Pods-PastureMapTest-frameworks.sh\"\n";
			showEnvVarsInLog = 0;
		};
		DFD67C0CC71F46A3283D2000 /* [CP] Copy Pods Resources */ = {
			isa = PBXShellScriptBuildPhase;
			buildActionMask = 2147483647;
			files = (
			);
			inputPaths = (
			);
			name = "[CP] Copy Pods Resources";
			outputPaths = (
			);
			runOnlyForDeploymentPostprocessing = 0;
			shellPath = /bin/sh;
			shellScript = "\"${SRCROOT}/Pods/Target Support Files/Pods-PastureMapTest/Pods-PastureMapTest-resources.sh\"\n";
			showEnvVarsInLog = 0;
		};
/* End PBXShellScriptBuildPhase section */

/* Begin PBXSourcesBuildPhase section */
		DE7E71932029A38E003A82A4 /* Sources */ = {
			isa = PBXSourcesBuildPhase;
			buildActionMask = 2147483647;
			files = (
				DE7E71B32029C516003A82A4 /* Constants.swift in Sources */,
				DE7E719D2029A38E003A82A4 /* ViewController.swift in Sources */,
				DE7E719B2029A38E003A82A4 /* AppDelegate.swift in Sources */,
			);
			runOnlyForDeploymentPostprocessing = 0;
		};
/* End PBXSourcesBuildPhase section */

/* Begin PBXVariantGroup section */
		DE7E719E2029A38E003A82A4 /* Main.storyboard */ = {
			isa = PBXVariantGroup;
			children = (
				DE7E719F2029A38E003A82A4 /* Base */,
			);
			name = Main.storyboard;
			sourceTree = "<group>";
		};
		DE7E71A32029A38E003A82A4 /* LaunchScreen.storyboard */ = {
			isa = PBXVariantGroup;
			children = (
				DE7E71A42029A38E003A82A4 /* Base */,
			);
			name = LaunchScreen.storyboard;
			sourceTree = "<group>";
		};
/* End PBXVariantGroup section */

/* Begin XCBuildConfiguration section */
		DE7E71A72029A38E003A82A4 /* Debug */ = {
			isa = XCBuildConfiguration;
			buildSettings = {
				ALWAYS_SEARCH_USER_PATHS = NO;
				CLANG_ANALYZER_NONNULL = YES;
				CLANG_ANALYZER_NUMBER_OBJECT_CONVERSION = YES_AGGRESSIVE;
				CLANG_CXX_LANGUAGE_STANDARD = "gnu++14";
				CLANG_CXX_LIBRARY = "libc++";
				CLANG_ENABLE_MODULES = YES;
				CLANG_ENABLE_OBJC_ARC = YES;
				CLANG_WARN_BLOCK_CAPTURE_AUTORELEASING = YES;
				CLANG_WARN_BOOL_CONVERSION = YES;
				CLANG_WARN_COMMA = YES;
				CLANG_WARN_CONSTANT_CONVERSION = YES;
				CLANG_WARN_DIRECT_OBJC_ISA_USAGE = YES_ERROR;
				CLANG_WARN_DOCUMENTATION_COMMENTS = YES;
				CLANG_WARN_EMPTY_BODY = YES;
				CLANG_WARN_ENUM_CONVERSION = YES;
				CLANG_WARN_INFINITE_RECURSION = YES;
				CLANG_WARN_INT_CONVERSION = YES;
				CLANG_WARN_NON_LITERAL_NULL_CONVERSION = YES;
				CLANG_WARN_OBJC_LITERAL_CONVERSION = YES;
				CLANG_WARN_OBJC_ROOT_CLASS = YES_ERROR;
				CLANG_WARN_RANGE_LOOP_ANALYSIS = YES;
				CLANG_WARN_STRICT_PROTOTYPES = YES;
				CLANG_WARN_SUSPICIOUS_MOVE = YES;
				CLANG_WARN_UNGUARDED_AVAILABILITY = YES_AGGRESSIVE;
				CLANG_WARN_UNREACHABLE_CODE = YES;
				CLANG_WARN__DUPLICATE_METHOD_MATCH = YES;
				CODE_SIGN_IDENTITY = "iPhone Developer";
				COPY_PHASE_STRIP = NO;
				DEBUG_INFORMATION_FORMAT = dwarf;
				ENABLE_STRICT_OBJC_MSGSEND = YES;
				ENABLE_TESTABILITY = YES;
				GCC_C_LANGUAGE_STANDARD = gnu11;
				GCC_DYNAMIC_NO_PIC = NO;
				GCC_NO_COMMON_BLOCKS = YES;
				GCC_OPTIMIZATION_LEVEL = 0;
				GCC_PREPROCESSOR_DEFINITIONS = (
					"DEBUG=1",
					"$(inherited)",
				);
				GCC_WARN_64_TO_32_BIT_CONVERSION = YES;
				GCC_WARN_ABOUT_RETURN_TYPE = YES_ERROR;
				GCC_WARN_UNDECLARED_SELECTOR = YES;
				GCC_WARN_UNINITIALIZED_AUTOS = YES_AGGRESSIVE;
				GCC_WARN_UNUSED_FUNCTION = YES;
				GCC_WARN_UNUSED_VARIABLE = YES;
				IPHONEOS_DEPLOYMENT_TARGET = 11.2;
				MTL_ENABLE_DEBUG_INFO = YES;
				ONLY_ACTIVE_ARCH = YES;
				SDKROOT = iphoneos;
				SWIFT_ACTIVE_COMPILATION_CONDITIONS = DEBUG;
				SWIFT_OPTIMIZATION_LEVEL = "-Onone";
			};
			name = Debug;
		};
		DE7E71A82029A38E003A82A4 /* Release */ = {
			isa = XCBuildConfiguration;
			buildSettings = {
				ALWAYS_SEARCH_USER_PATHS = NO;
				CLANG_ANALYZER_NONNULL = YES;
				CLANG_ANALYZER_NUMBER_OBJECT_CONVERSION = YES_AGGRESSIVE;
				CLANG_CXX_LANGUAGE_STANDARD = "gnu++14";
				CLANG_CXX_LIBRARY = "libc++";
				CLANG_ENABLE_MODULES = YES;
				CLANG_ENABLE_OBJC_ARC = YES;
				CLANG_WARN_BLOCK_CAPTURE_AUTORELEASING = YES;
				CLANG_WARN_BOOL_CONVERSION = YES;
				CLANG_WARN_COMMA = YES;
				CLANG_WARN_CONSTANT_CONVERSION = YES;
				CLANG_WARN_DIRECT_OBJC_ISA_USAGE = YES_ERROR;
				CLANG_WARN_DOCUMENTATION_COMMENTS = YES;
				CLANG_WARN_EMPTY_BODY = YES;
				CLANG_WARN_ENUM_CONVERSION = YES;
				CLANG_WARN_INFINITE_RECURSION = YES;
				CLANG_WARN_INT_CONVERSION = YES;
				CLANG_WARN_NON_LITERAL_NULL_CONVERSION = YES;
				CLANG_WARN_OBJC_LITERAL_CONVERSION = YES;
				CLANG_WARN_OBJC_ROOT_CLASS = YES_ERROR;
				CLANG_WARN_RANGE_LOOP_ANALYSIS = YES;
				CLANG_WARN_STRICT_PROTOTYPES = YES;
				CLANG_WARN_SUSPICIOUS_MOVE = YES;
				CLANG_WARN_UNGUARDED_AVAILABILITY = YES_AGGRESSIVE;
				CLANG_WARN_UNREACHABLE_CODE = YES;
				CLANG_WARN__DUPLICATE_METHOD_MATCH = YES;
				CODE_SIGN_IDENTITY = "iPhone Developer";
				COPY_PHASE_STRIP = NO;
				DEBUG_INFORMATION_FORMAT = "dwarf-with-dsym";
				ENABLE_NS_ASSERTIONS = NO;
				ENABLE_STRICT_OBJC_MSGSEND = YES;
				GCC_C_LANGUAGE_STANDARD = gnu11;
				GCC_NO_COMMON_BLOCKS = YES;
				GCC_WARN_64_TO_32_BIT_CONVERSION = YES;
				GCC_WARN_ABOUT_RETURN_TYPE = YES_ERROR;
				GCC_WARN_UNDECLARED_SELECTOR = YES;
				GCC_WARN_UNINITIALIZED_AUTOS = YES_AGGRESSIVE;
				GCC_WARN_UNUSED_FUNCTION = YES;
				GCC_WARN_UNUSED_VARIABLE = YES;
				IPHONEOS_DEPLOYMENT_TARGET = 11.2;
				MTL_ENABLE_DEBUG_INFO = NO;
				SDKROOT = iphoneos;
				SWIFT_OPTIMIZATION_LEVEL = "-Owholemodule";
				VALIDATE_PRODUCT = YES;
			};
			name = Release;
		};
		DE7E71AA2029A38E003A82A4 /* Debug */ = {
			isa = XCBuildConfiguration;
			baseConfigurationReference = FD58CA23ADEEB6C1E1AA9593 /* Pods-PastureMapTest.debug.xcconfig */;
			buildSettings = {
				ASSETCATALOG_COMPILER_APPICON_NAME = AppIcon;
				CODE_SIGN_STYLE = Automatic;
				DEVELOPMENT_TEAM = H27XDZ2QBG;
				INFOPLIST_FILE = PastureMapTest/Info.plist;
				LD_RUNPATH_SEARCH_PATHS = "$(inherited) @executable_path/Frameworks";
				PRODUCT_BUNDLE_IDENTIFIER = io.LJover.PastureMapTest;
				PRODUCT_NAME = "$(TARGET_NAME)";
				SWIFT_VERSION = 4.0;
				TARGETED_DEVICE_FAMILY = "1,2";
			};
			name = Debug;
		};
		DE7E71AB2029A38E003A82A4 /* Release */ = {
			isa = XCBuildConfiguration;
			baseConfigurationReference = B67DCDCE5D372FAF81DB3102 /* Pods-PastureMapTest.release.xcconfig */;
			buildSettings = {
				ASSETCATALOG_COMPILER_APPICON_NAME = AppIcon;
				CODE_SIGN_STYLE = Automatic;
				DEVELOPMENT_TEAM = H27XDZ2QBG;
				INFOPLIST_FILE = PastureMapTest/Info.plist;
				LD_RUNPATH_SEARCH_PATHS = "$(inherited) @executable_path/Frameworks";
				PRODUCT_BUNDLE_IDENTIFIER = io.LJover.PastureMapTest;
				PRODUCT_NAME = "$(TARGET_NAME)";
				SWIFT_VERSION = 4.0;
				TARGETED_DEVICE_FAMILY = "1,2";
			};
			name = Release;
		};
/* End XCBuildConfiguration section */

/* Begin XCConfigurationList section */
		DE7E71922029A38E003A82A4 /* Build configuration list for PBXProject "PastureMapTest" */ = {
			isa = XCConfigurationList;
			buildConfigurations = (
				DE7E71A72029A38E003A82A4 /* Debug */,
				DE7E71A82029A38E003A82A4 /* Release */,
			);
			defaultConfigurationIsVisible = 0;
			defaultConfigurationName = Release;
		};
		DE7E71A92029A38E003A82A4 /* Build configuration list for PBXNativeTarget "PastureMapTest" */ = {
			isa = XCConfigurationList;
			buildConfigurations = (
				DE7E71AA2029A38E003A82A4 /* Debug */,
				DE7E71AB2029A38E003A82A4 /* Release */,
			);
			defaultConfigurationIsVisible = 0;
			defaultConfigurationName = Release;
		};
/* End XCConfigurationList section */
	};
	rootObject = DE7E718F2029A38E003A82A4 /* Project object */;
}
